
Microsoft Visual Studio Solution File, Format Version 12.00
# Visual Studio Version 17
VisualStudioVersion = 17.6.33717.318
MinimumVisualStudioVersion = 10.0.40219.1
Project("{FAE04EC0-301F-11D3-BF4B-00C04F79EFBC}") = "CustomerApi", "CustomerApi\CustomerApi.csproj", "{CC24CA6F-E380-489F-8BE4-C30E568193CD}"
EndProject
Global
	GlobalSection(SolutionConfigurationPlatforms) = preSolution
		Debug|Any CPU = Debug|Any CPU
		Release|Any CPU = Release|Any CPU
	EndGlobalSection
	GlobalSection(ProjectConfigurationPlatforms) = postSolution
		{CC24CA6F-E380-489F-8BE4-C30E568193CD}.Debug|Any CPU.ActiveCfg = Debug|Any CPU
		{CC24CA6F-E380-489F-8BE4-C30E568193CD}.Debug|Any CPU.Build.0 = Debug|Any CPU
		{CC24CA6F-E380-489F-8BE4-C30E568193CD}.Release|Any CPU.ActiveCfg = Release|Any CPU
		{CC24CA6F-E380-489F-8BE4-C30E568193CD}.Release|Any CPU.Build.0 = Release|Any CPU
	EndGlobalSection
	GlobalSection(SolutionProperties) = preSolution
		HideSolutionNode = FALSE
	EndGlobalSection
	GlobalSection(ExtensibilityGlobals) = postSolution
		SolutionGuid = {FB29AD46-FE29-42D0-85F4-068D7CB5A100}
	EndGlobalSection
EndGlobal
